
Microsoft Visual Studio Solution File, Format Version 12.00
# Visual Studio Version 17
VisualStudioVersion = 17.4.33122.133
MinimumVisualStudioVersion = 10.0.40219.1
Project("{FAE04EC0-301F-11D3-BF4B-00C04F79EFBC}") = "XamlParser", "XamlParser.csproj", "{D630ED1C-5A50-4646-80B1-740120B7EE5C}"
EndProject
Global
	GlobalSection(SolutionConfigurationPlatforms) = preSolution
		Debug|Any CPU = Debug|Any CPU
		Release|Any CPU = Release|Any CPU
	EndGlobalSection
	GlobalSection(ProjectConfigurationPlatforms) = postSolution
		{D630ED1C-5A50-4646-80B1-740120B7EE5C}.Debug|Any CPU.ActiveCfg = Debug|Any CPU
		{D630ED1C-5A50-4646-80B1-740120B7EE5C}.Debug|Any CPU.Build.0 = Debug|Any CPU
		{D630ED1C-5A50-4646-80B1-740120B7EE5C}.Release|Any CPU.ActiveCfg = Release|Any CPU
		{D630ED1C-5A50-4646-80B1-740120B7EE5C}.Release|Any CPU.Build.0 = Release|Any CPU
	EndGlobalSection
	GlobalSection(SolutionProperties) = preSolution
		HideSolutionNode = FALSE
	EndGlobalSection
	GlobalSection(ExtensibilityGlobals) = postSolution
		SolutionGuid = {F51D4CA4-95B2-4EF0-A289-3C53DC202A18}
	EndGlobalSection
EndGlobal
